
Microsoft Visual Studio Solution File, Format Version 12.00
# Visual Studio Version 18
VisualStudioVersion = 18.0.11222.15
MinimumVisualStudioVersion = 10.0.40219.1
Project("{8BC9CEB8-8B4A-11D0-8D11-00A0C91BC942}") = "bootloader", "bootloader\bootloader.vcxproj", "{389D817B-49FA-4302-8DA6-D1EA6C844E7D}"
	ProjectSection(ProjectDependencies) = postProject
		{1A7AF4A7-7335-4262-AF64-817CED151C18} = {1A7AF4A7-7335-4262-AF64-817CED151C18}
		{A4424E1E-D339-4A51-88D0-6E5298531E75} = {A4424E1E-D339-4A51-88D0-6E5298531E75}
		{C12BCC45-E6E5-419F-BD2D-274176703EC8} = {C12BCC45-E6E5-419F-BD2D-274176703EC8}
	EndProjectSection
EndProject
Project("{8BC9CEB8-8B4A-11D0-8D11-00A0C91BC942}") = "kernel", "kernel\kernel.vcxproj", "{A4424E1E-D339-4A51-88D0-6E5298531E75}"
	ProjectSection(ProjectDependencies) = postProject
		{1A7AF4A7-7335-4262-AF64-817CED151C18} = {1A7AF4A7-7335-4262-AF64-817CED151C18}
		{C12BCC45-E6E5-419F-BD2D-274176703EC8} = {C12BCC45-E6E5-419F-BD2D-274176703EC8}
	EndProjectSection
EndProject
Project("{8BC9CEB8-8B4A-11D0-8D11-00A0C91BC942}") = "runtime", "libs\runtime\runtime.vcxproj", "{1A7AF4A7-7335-4262-AF64-817CED151C18}"
EndProject
Project("{8BC9CEB8-8B4A-11D0-8D11-00A0C91BC942}") = "archx64", "libs\archx64\archx64.vcxproj", "{C12BCC45-E6E5-419F-BD2D-274176703EC8}"
EndProject
Project("{2150E333-8FDC-42A3-9474-1A3956D46DE8}") = "shared", "shared", "{02EA681E-C7D8-13C7-8484-4AC65E1B71E8}"
EndProject
Project("{2150E333-8FDC-42A3-9474-1A3956D46DE8}") = "include", "include", "{C7A7852C-20FB-449F-BF78-EF75E25ACF06}"
EndProject
Project("{2150E333-8FDC-42A3-9474-1A3956D46DE8}") = "ss", "ss", "{FF2F5302-AC37-4A73-8C0D-39A3BBDA78CC}"
EndProject
Global
	GlobalSection(SolutionConfigurationPlatforms) = preSolution
		Debug|x64 = Debug|x64
		Debug|x86 = Debug|x86
		IDA|x64 = IDA|x64
		IDA|x86 = IDA|x86
		Release|x64 = Release|x64
		Release|x86 = Release|x86
	EndGlobalSection
	GlobalSection(ProjectConfigurationPlatforms) = postSolution
		{389D817B-49FA-4302-8DA6-D1EA6C844E7D}.Debug|x64.ActiveCfg = Debug|x64
		{389D817B-49FA-4302-8DA6-D1EA6C844E7D}.Debug|x64.Build.0 = Debug|x64
		{389D817B-49FA-4302-8DA6-D1EA6C844E7D}.Debug|x86.ActiveCfg = Debug|Win32
		{389D817B-49FA-4302-8DA6-D1EA6C844E7D}.Debug|x86.Build.0 = Debug|Win32
		{389D817B-49FA-4302-8DA6-D1EA6C844E7D}.IDA|x64.ActiveCfg = IDA|x64
		{389D817B-49FA-4302-8DA6-D1EA6C844E7D}.IDA|x64.Build.0 = IDA|x64
		{389D817B-49FA-4302-8DA6-D1EA6C844E7D}.IDA|x86.ActiveCfg = IDA|Win32
		{389D817B-49FA-4302-8DA6-D1EA6C844E7D}.IDA|x86.Build.0 = IDA|Win32
		{389D817B-49FA-4302-8DA6-D1EA6C844E7D}.Release|x64.ActiveCfg = Release|x64
		{389D817B-49FA-4302-8DA6-D1EA6C844E7D}.Release|x64.Build.0 = Release|x64
		{389D817B-49FA-4302-8DA6-D1EA6C844E7D}.Release|x86.ActiveCfg = Release|Win32
		{389D817B-49FA-4302-8DA6-D1EA6C844E7D}.Release|x86.Build.0 = Release|Win32
		{A4424E1E-D339-4A51-88D0-6E5298531E75}.Debug|x64.ActiveCfg = Debug|x64
		{A4424E1E-D339-4A51-88D0-6E5298531E75}.Debug|x64.Build.0 = Debug|x64
		{A4424E1E-D339-4A51-88D0-6E5298531E75}.Debug|x86.ActiveCfg = Debug|Win32
		{A4424E1E-D339-4A51-88D0-6E5298531E75}.Debug|x86.Build.0 = Debug|Win32
		{A4424E1E-D339-4A51-88D0-6E5298531E75}.IDA|x64.ActiveCfg = IDA|x64
		{A4424E1E-D339-4A51-88D0-6E5298531E75}.IDA|x64.Build.0 = IDA|x64
		{A4424E1E-D339-4A51-88D0-6E5298531E75}.IDA|x86.ActiveCfg = IDA|Win32
		{A4424E1E-D339-4A51-88D0-6E5298531E75}.IDA|x86.Build.0 = IDA|Win32
		{A4424E1E-D339-4A51-88D0-6E5298531E75}.Release|x64.ActiveCfg = Release|x64
		{A4424E1E-D339-4A51-88D0-6E5298531E75}.Release|x64.Build.0 = Release|x64
		{A4424E1E-D339-4A51-88D0-6E5298531E75}.Release|x86.ActiveCfg = Release|Win32
		{A4424E1E-D339-4A51-88D0-6E5298531E75}.Release|x86.Build.0 = Release|Win32
		{1A7AF4A7-7335-4262-AF64-817CED151C18}.Debug|x64.ActiveCfg = Debug|x64
		{1A7AF4A7-7335-4262-AF64-817CED151C18}.Debug|x64.Build.0 = Debug|x64
		{1A7AF4A7-7335-4262-AF64-817CED151C18}.Debug|x86.ActiveCfg = Debug|Win32
		{1A7AF4A7-7335-4262-AF64-817CED151C18}.Debug|x86.Build.0 = Debug|Win32
		{1A7AF4A7-7335-4262-AF64-817CED151C18}.IDA|x64.ActiveCfg = IDA|x64
		{1A7AF4A7-7335-4262-AF64-817CED151C18}.IDA|x64.Build.0 = IDA|x64
		{1A7AF4A7-7335-4262-AF64-817CED151C18}.IDA|x86.ActiveCfg = IDA|Win32
		{1A7AF4A7-7335-4262-AF64-817CED151C18}.IDA|x86.Build.0 = IDA|Win32
		{1A7AF4A7-7335-4262-AF64-817CED151C18}.Release|x64.ActiveCfg = Release|x64
		{1A7AF4A7-7335-4262-AF64-817CED151C18}.Release|x64.Build.0 = Release|x64
		{1A7AF4A7-7335-4262-AF64-817CED151C18}.Release|x86.ActiveCfg = Debug|Win32
		{1A7AF4A7-7335-4262-AF64-817CED151C18}.Release|x86.Build.0 = Debug|Win32
		{C12BCC45-E6E5-419F-BD2D-274176703EC8}.Debug|x64.ActiveCfg = Debug|x64
		{C12BCC45-E6E5-419F-BD2D-274176703EC8}.Debug|x64.Build.0 = Debug|x64
		{C12BCC45-E6E5-419F-BD2D-274176703EC8}.Debug|x86.ActiveCfg = Debug|Win32
		{C12BCC45-E6E5-419F-BD2D-274176703EC8}.Debug|x86.Build.0 = Debug|Win32
		{C12BCC45-E6E5-419F-BD2D-274176703EC8}.IDA|x64.ActiveCfg = IDA|x64
		{C12BCC45-E6E5-419F-BD2D-274176703EC8}.IDA|x64.Build.0 = IDA|x64
		{C12BCC45-E6E5-419F-BD2D-274176703EC8}.IDA|x86.ActiveCfg = IDA|Win32
		{C12BCC45-E6E5-419F-BD2D-274176703EC8}.IDA|x86.Build.0 = IDA|Win32
		{C12BCC45-E6E5-419F-BD2D-274176703EC8}.Release|x64.ActiveCfg = Release|x64
		{C12BCC45-E6E5-419F-BD2D-274176703EC8}.Release|x64.Build.0 = Release|x64
		{C12BCC45-E6E5-419F-BD2D-274176703EC8}.Release|x86.ActiveCfg = Debug|Win32
		{C12BCC45-E6E5-419F-BD2D-274176703EC8}.Release|x86.Build.0 = Debug|Win32
	EndGlobalSection
	GlobalSection(SolutionProperties) = preSolution
		HideSolutionNode = FALSE
	EndGlobalSection
	GlobalSection(NestedProjects) = preSolution
		{C7A7852C-20FB-449F-BF78-EF75E25ACF06} = {02EA681E-C7D8-13C7-8484-4AC65E1B71E8}
		{FF2F5302-AC37-4A73-8C0D-39A3BBDA78CC} = {C7A7852C-20FB-449F-BF78-EF75E25ACF06}
	EndGlobalSection
	GlobalSection(ExtensibilityGlobals) = postSolution
		SolutionGuid = {5F310497-D714-417A-AD35-54195FA15E2D}
	EndGlobalSection
EndGlobal
