
Microsoft Visual Studio Solution File, Format Version 12.00
# Visual Studio Version 17
VisualStudioVersion = 17.14.36623.8 d17.14
MinimumVisualStudioVersion = 10.0.40219.1
Project("{8BC9CEB8-8B4A-11D0-8D11-00A0C91BC942}") = "bootloader", "bootloader\bootloader.vcxproj", "{389D817B-49FA-4302-8DA6-D1EA6C844E7D}"
EndProject
Project("{8BC9CEB8-8B4A-11D0-8D11-00A0C91BC942}") = "kernel", "kernel\kernel.vcxproj", "{A4424E1E-D339-4A51-88D0-6E5298531E75}"
EndProject
Project("{8BC9CEB8-8B4A-11D0-8D11-00A0C91BC942}") = "runtimelib", "libs\runtimelib\runtimelib.vcxproj", "{1A7AF4A7-7335-4262-AF64-817CED151C18}"
EndProject
Project("{8BC9CEB8-8B4A-11D0-8D11-00A0C91BC942}") = "archx64", "libs\archx64\archx64.vcxproj", "{C12BCC45-E6E5-419F-BD2D-274176703EC8}"
EndProject
Project("{2150E333-8FDC-42A3-9474-1A3956D46DE8}") = "shared", "shared", "{02EA681E-C7D8-13C7-8484-4AC65E1B71E8}"
EndProject
Project("{2150E333-8FDC-42A3-9474-1A3956D46DE8}") = "include", "include", "{C7A7852C-20FB-449F-BF78-EF75E25ACF06}"
EndProject
Project("{2150E333-8FDC-42A3-9474-1A3956D46DE8}") = "ss", "ss", "{FF2F5302-AC37-4A73-8C0D-39A3BBDA78CC}"
EndProject
Global
	GlobalSection(SolutionConfigurationPlatforms) = preSolution
		QemuDebug|x64 = QemuDebug|x64
		QemuDebug|x86 = QemuDebug|x86
		QemuDebugIDA|x64 = QemuDebugIDA|x64
		QemuDebugIDA|x86 = QemuDebugIDA|x86
		QemuRun|x64 = QemuRun|x64
		QemuRun|x86 = QemuRun|x86
	EndGlobalSection
	GlobalSection(ProjectConfigurationPlatforms) = postSolution
		{389D817B-49FA-4302-8DA6-D1EA6C844E7D}.QemuDebug|x64.ActiveCfg = QemuDebug|x64
		{389D817B-49FA-4302-8DA6-D1EA6C844E7D}.QemuDebug|x64.Build.0 = QemuDebug|x64
		{389D817B-49FA-4302-8DA6-D1EA6C844E7D}.QemuDebug|x86.ActiveCfg = QemuDebug|Win32
		{389D817B-49FA-4302-8DA6-D1EA6C844E7D}.QemuDebug|x86.Build.0 = QemuDebug|Win32
		{389D817B-49FA-4302-8DA6-D1EA6C844E7D}.QemuDebugIDA|x64.ActiveCfg = QemuDebugIDA|x64
		{389D817B-49FA-4302-8DA6-D1EA6C844E7D}.QemuDebugIDA|x64.Build.0 = QemuDebugIDA|x64
		{389D817B-49FA-4302-8DA6-D1EA6C844E7D}.QemuDebugIDA|x86.ActiveCfg = QemuDebugIDA|Win32
		{389D817B-49FA-4302-8DA6-D1EA6C844E7D}.QemuDebugIDA|x86.Build.0 = QemuDebugIDA|Win32
		{389D817B-49FA-4302-8DA6-D1EA6C844E7D}.QemuRun|x64.ActiveCfg = QemuRun|x64
		{389D817B-49FA-4302-8DA6-D1EA6C844E7D}.QemuRun|x64.Build.0 = QemuRun|x64
		{389D817B-49FA-4302-8DA6-D1EA6C844E7D}.QemuRun|x86.ActiveCfg = QemuRun|Win32
		{389D817B-49FA-4302-8DA6-D1EA6C844E7D}.QemuRun|x86.Build.0 = QemuRun|Win32
		{A4424E1E-D339-4A51-88D0-6E5298531E75}.QemuDebug|x64.ActiveCfg = QemuDebug|x64
		{A4424E1E-D339-4A51-88D0-6E5298531E75}.QemuDebug|x64.Build.0 = QemuDebug|x64
		{A4424E1E-D339-4A51-88D0-6E5298531E75}.QemuDebug|x86.ActiveCfg = QemuDebug|Win32
		{A4424E1E-D339-4A51-88D0-6E5298531E75}.QemuDebug|x86.Build.0 = QemuDebug|Win32
		{A4424E1E-D339-4A51-88D0-6E5298531E75}.QemuDebugIDA|x64.ActiveCfg = QemuDebugIDA|x64
		{A4424E1E-D339-4A51-88D0-6E5298531E75}.QemuDebugIDA|x64.Build.0 = QemuDebugIDA|x64
		{A4424E1E-D339-4A51-88D0-6E5298531E75}.QemuDebugIDA|x86.ActiveCfg = QemuDebugIDA|Win32
		{A4424E1E-D339-4A51-88D0-6E5298531E75}.QemuDebugIDA|x86.Build.0 = QemuDebugIDA|Win32
		{A4424E1E-D339-4A51-88D0-6E5298531E75}.QemuRun|x64.ActiveCfg = QemuRun|x64
		{A4424E1E-D339-4A51-88D0-6E5298531E75}.QemuRun|x64.Build.0 = QemuRun|x64
		{A4424E1E-D339-4A51-88D0-6E5298531E75}.QemuRun|x86.ActiveCfg = QemuRun|Win32
		{A4424E1E-D339-4A51-88D0-6E5298531E75}.QemuRun|x86.Build.0 = QemuRun|Win32
		{1A7AF4A7-7335-4262-AF64-817CED151C18}.QemuDebug|x64.ActiveCfg = Debug|x64
		{1A7AF4A7-7335-4262-AF64-817CED151C18}.QemuDebug|x64.Build.0 = Debug|x64
		{1A7AF4A7-7335-4262-AF64-817CED151C18}.QemuDebug|x86.ActiveCfg = Debug|Win32
		{1A7AF4A7-7335-4262-AF64-817CED151C18}.QemuDebug|x86.Build.0 = Debug|Win32
		{1A7AF4A7-7335-4262-AF64-817CED151C18}.QemuDebugIDA|x64.ActiveCfg = Debug|x64
		{1A7AF4A7-7335-4262-AF64-817CED151C18}.QemuDebugIDA|x64.Build.0 = Debug|x64
		{1A7AF4A7-7335-4262-AF64-817CED151C18}.QemuDebugIDA|x86.ActiveCfg = Debug|Win32
		{1A7AF4A7-7335-4262-AF64-817CED151C18}.QemuDebugIDA|x86.Build.0 = Debug|Win32
		{1A7AF4A7-7335-4262-AF64-817CED151C18}.QemuRun|x64.ActiveCfg = Debug|x64
		{1A7AF4A7-7335-4262-AF64-817CED151C18}.QemuRun|x64.Build.0 = Debug|x64
		{1A7AF4A7-7335-4262-AF64-817CED151C18}.QemuRun|x86.ActiveCfg = Debug|Win32
		{1A7AF4A7-7335-4262-AF64-817CED151C18}.QemuRun|x86.Build.0 = Debug|Win32
		{C12BCC45-E6E5-419F-BD2D-274176703EC8}.QemuDebug|x64.ActiveCfg = Debug|x64
		{C12BCC45-E6E5-419F-BD2D-274176703EC8}.QemuDebug|x64.Build.0 = Debug|x64
		{C12BCC45-E6E5-419F-BD2D-274176703EC8}.QemuDebug|x86.ActiveCfg = Debug|Win32
		{C12BCC45-E6E5-419F-BD2D-274176703EC8}.QemuDebug|x86.Build.0 = Debug|Win32
		{C12BCC45-E6E5-419F-BD2D-274176703EC8}.QemuDebugIDA|x64.ActiveCfg = Debug|x64
		{C12BCC45-E6E5-419F-BD2D-274176703EC8}.QemuDebugIDA|x64.Build.0 = Debug|x64
		{C12BCC45-E6E5-419F-BD2D-274176703EC8}.QemuDebugIDA|x86.ActiveCfg = Debug|Win32
		{C12BCC45-E6E5-419F-BD2D-274176703EC8}.QemuDebugIDA|x86.Build.0 = Debug|Win32
		{C12BCC45-E6E5-419F-BD2D-274176703EC8}.QemuRun|x64.ActiveCfg = Debug|x64
		{C12BCC45-E6E5-419F-BD2D-274176703EC8}.QemuRun|x64.Build.0 = Debug|x64
		{C12BCC45-E6E5-419F-BD2D-274176703EC8}.QemuRun|x86.ActiveCfg = Debug|Win32
		{C12BCC45-E6E5-419F-BD2D-274176703EC8}.QemuRun|x86.Build.0 = Debug|Win32
	EndGlobalSection
	GlobalSection(SolutionProperties) = preSolution
		HideSolutionNode = FALSE
	EndGlobalSection
	GlobalSection(NestedProjects) = preSolution
		{C7A7852C-20FB-449F-BF78-EF75E25ACF06} = {02EA681E-C7D8-13C7-8484-4AC65E1B71E8}
		{FF2F5302-AC37-4A73-8C0D-39A3BBDA78CC} = {C7A7852C-20FB-449F-BF78-EF75E25ACF06}
	EndGlobalSection
	GlobalSection(ExtensibilityGlobals) = postSolution
		SolutionGuid = {5F310497-D714-417A-AD35-54195FA15E2D}
	EndGlobalSection
EndGlobal
