
Microsoft Visual Studio Solution File, Format Version 12.00
# Visual Studio Version 17
VisualStudioVersion = 17.12.35521.163
MinimumVisualStudioVersion = 10.0.40219.1
Project("{8BC9CEB8-8B4A-11D0-8D11-00A0C91BC942}") = "kernel", "kernel\kernel.vcxproj", "{A4424E1E-D339-4A51-88D0-6E5298531E75}"
EndProject
Global
	GlobalSection(SolutionConfigurationPlatforms) = preSolution
		QemuDebug|x64 = QemuDebug|x64
		QemuDebug|x86 = QemuDebug|x86
		QemuRun|x64 = QemuRun|x64
		QemuRun|x86 = QemuRun|x86
	EndGlobalSection
	GlobalSection(ProjectConfigurationPlatforms) = postSolution
		{A4424E1E-D339-4A51-88D0-6E5298531E75}.QemuDebug|x64.ActiveCfg = QemuDebug|x64
		{A4424E1E-D339-4A51-88D0-6E5298531E75}.QemuDebug|x64.Build.0 = QemuDebug|x64
		{A4424E1E-D339-4A51-88D0-6E5298531E75}.QemuDebug|x86.ActiveCfg = QemuDebug|Win32
		{A4424E1E-D339-4A51-88D0-6E5298531E75}.QemuDebug|x86.Build.0 = QemuDebug|Win32
		{A4424E1E-D339-4A51-88D0-6E5298531E75}.QemuRun|x64.ActiveCfg = QemuRun|x64
		{A4424E1E-D339-4A51-88D0-6E5298531E75}.QemuRun|x64.Build.0 = QemuRun|x64
		{A4424E1E-D339-4A51-88D0-6E5298531E75}.QemuRun|x86.ActiveCfg = QemuRun|Win32
		{A4424E1E-D339-4A51-88D0-6E5298531E75}.QemuRun|x86.Build.0 = QemuRun|Win32
	EndGlobalSection
	GlobalSection(SolutionProperties) = preSolution
		HideSolutionNode = FALSE
	EndGlobalSection
EndGlobal
